// !$*UTF8*$!
{
	archiveVersion = 1;
	classes = {
	};
	objectVersion = 50;
	objects = {

/* Begin PBXBuildFile section */
		17A48A952601A16600AB34CA /* BoardApp.swift in Sources */ = {isa = PBXBuildFile; fileRef = 17A48A942601A16600AB34CA /* BoardApp.swift */; };
		17A48A972601A16600AB34CA /* ContentView.swift in Sources */ = {isa = PBXBuildFile; fileRef = 17A48A962601A16600AB34CA /* ContentView.swift */; };
		17A48A992601A16900AB34CA /* Assets.xcassets in Resources */ = {isa = PBXBuildFile; fileRef = 17A48A982601A16900AB34CA /* Assets.xcassets */; };
		17A48A9C2601A16900AB34CA /* Preview Assets.xcassets in Resources */ = {isa = PBXBuildFile; fileRef = 17A48A9B2601A16900AB34CA /* Preview Assets.xcassets */; };
		17A48AA72601A16900AB34CA /* BoardTests.swift in Sources */ = {isa = PBXBuildFile; fileRef = 17A48AA62601A16900AB34CA /* BoardTests.swift */; };
		17A48AB22601A16900AB34CA /* BoardUITests.swift in Sources */ = {isa = PBXBuildFile; fileRef = 17A48AB12601A16900AB34CA /* BoardUITests.swift */; };
		17A48AC72601A39100AB34CA /* Post.swift in Sources */ = {isa = PBXBuildFile; fileRef = 17A48AC62601A39100AB34CA /* Post.swift */; };
		17A48ACF2601A3B500AB34CA /* BlogEntry.swift in Sources */ = {isa = PBXBuildFile; fileRef = 17A48ACE2601A3B400AB34CA /* BlogEntry.swift */; };
		17A48AF92601C4A300AB34CA /* User.swift in Sources */ = {isa = PBXBuildFile; fileRef = 17A48AF82601C4A300AB34CA /* User.swift */; };
/* End PBXBuildFile section */

/* Begin PBXContainerItemProxy section */
		17A48AA32601A16900AB34CA /* PBXContainerItemProxy */ = {
			isa = PBXContainerItemProxy;
			containerPortal = 17A48A892601A16600AB34CA /* Project object */;
			proxyType = 1;
			remoteGlobalIDString = 17A48A902601A16600AB34CA;
			remoteInfo = Board;
		};
		17A48AAE2601A16900AB34CA /* PBXContainerItemProxy */ = {
			isa = PBXContainerItemProxy;
			containerPortal = 17A48A892601A16600AB34CA /* Project object */;
			proxyType = 1;
			remoteGlobalIDString = 17A48A902601A16600AB34CA;
			remoteInfo = Board;
		};
/* End PBXContainerItemProxy section */

/* Begin PBXFileReference section */
		17A48A912601A16600AB34CA /* Board.app */ = {isa = PBXFileReference; explicitFileType = wrapper.application; includeInIndex = 0; path = Board.app; sourceTree = BUILT_PRODUCTS_DIR; };
		17A48A942601A16600AB34CA /* BoardApp.swift */ = {isa = PBXFileReference; lastKnownFileType = sourcecode.swift; path = BoardApp.swift; sourceTree = "<group>"; };
		17A48A962601A16600AB34CA /* ContentView.swift */ = {isa = PBXFileReference; lastKnownFileType = sourcecode.swift; path = ContentView.swift; sourceTree = "<group>"; };
		17A48A982601A16900AB34CA /* Assets.xcassets */ = {isa = PBXFileReference; lastKnownFileType = folder.assetcatalog; path = Assets.xcassets; sourceTree = "<group>"; };
		17A48A9B2601A16900AB34CA /* Preview Assets.xcassets */ = {isa = PBXFileReference; lastKnownFileType = folder.assetcatalog; path = "Preview Assets.xcassets"; sourceTree = "<group>"; };
		17A48A9D2601A16900AB34CA /* Info.plist */ = {isa = PBXFileReference; lastKnownFileType = text.plist.xml; path = Info.plist; sourceTree = "<group>"; };
		17A48AA22601A16900AB34CA /* BoardTests.xctest */ = {isa = PBXFileReference; explicitFileType = wrapper.cfbundle; includeInIndex = 0; path = BoardTests.xctest; sourceTree = BUILT_PRODUCTS_DIR; };
		17A48AA62601A16900AB34CA /* BoardTests.swift */ = {isa = PBXFileReference; lastKnownFileType = sourcecode.swift; path = BoardTests.swift; sourceTree = "<group>"; };
		17A48AA82601A16900AB34CA /* Info.plist */ = {isa = PBXFileReference; lastKnownFileType = text.plist.xml; path = Info.plist; sourceTree = "<group>"; };
		17A48AAD2601A16900AB34CA /* BoardUITests.xctest */ = {isa = PBXFileReference; explicitFileType = wrapper.cfbundle; includeInIndex = 0; path = BoardUITests.xctest; sourceTree = BUILT_PRODUCTS_DIR; };
		17A48AB12601A16900AB34CA /* BoardUITests.swift */ = {isa = PBXFileReference; lastKnownFileType = sourcecode.swift; path = BoardUITests.swift; sourceTree = "<group>"; };
		17A48AB32601A16900AB34CA /* Info.plist */ = {isa = PBXFileReference; lastKnownFileType = text.plist.xml; path = Info.plist; sourceTree = "<group>"; };
		17A48AC62601A39100AB34CA /* Post.swift */ = {isa = PBXFileReference; lastKnownFileType = sourcecode.swift; path = Post.swift; sourceTree = "<group>"; };
		17A48ACE2601A3B400AB34CA /* BlogEntry.swift */ = {isa = PBXFileReference; lastKnownFileType = sourcecode.swift; path = BlogEntry.swift; sourceTree = "<group>"; };
		17A48AF82601C4A300AB34CA /* User.swift */ = {isa = PBXFileReference; lastKnownFileType = sourcecode.swift; path = User.swift; sourceTree = "<group>"; };
/* End PBXFileReference section */

/* Begin PBXFrameworksBuildPhase section */
		17A48A8E2601A16600AB34CA /* Frameworks */ = {
			isa = PBXFrameworksBuildPhase;
			buildActionMask = 2147483647;
			files = (
			);
			runOnlyForDeploymentPostprocessing = 0;
		};
		17A48A9F2601A16900AB34CA /* Frameworks */ = {
			isa = PBXFrameworksBuildPhase;
			buildActionMask = 2147483647;
			files = (
			);
			runOnlyForDeploymentPostprocessing = 0;
		};
		17A48AAA2601A16900AB34CA /* Frameworks */ = {
			isa = PBXFrameworksBuildPhase;
			buildActionMask = 2147483647;
			files = (
			);
			runOnlyForDeploymentPostprocessing = 0;
		};
/* End PBXFrameworksBuildPhase section */

/* Begin PBXGroup section */
		17A48A882601A16600AB34CA = {
			isa = PBXGroup;
			children = (
				17A48A932601A16600AB34CA /* Board */,
				17A48AA52601A16900AB34CA /* BoardTests */,
				17A48AB02601A16900AB34CA /* BoardUITests */,
				17A48A922601A16600AB34CA /* Products */,
			);
			sourceTree = "<group>";
		};
		17A48A922601A16600AB34CA /* Products */ = {
			isa = PBXGroup;
			children = (
				17A48A912601A16600AB34CA /* Board.app */,
				17A48AA22601A16900AB34CA /* BoardTests.xctest */,
				17A48AAD2601A16900AB34CA /* BoardUITests.xctest */,
			);
			name = Products;
			sourceTree = "<group>";
		};
		17A48A932601A16600AB34CA /* Board */ = {
			isa = PBXGroup;
			children = (
				17A48AC32601A24200AB34CA /* Model */,
				17A48A942601A16600AB34CA /* BoardApp.swift */,
				17A48A962601A16600AB34CA /* ContentView.swift */,
				17A48A982601A16900AB34CA /* Assets.xcassets */,
				17A48A9D2601A16900AB34CA /* Info.plist */,
				17A48A9A2601A16900AB34CA /* Preview Content */,
			);
			path = Board;
			sourceTree = "<group>";
		};
		17A48A9A2601A16900AB34CA /* Preview Content */ = {
			isa = PBXGroup;
			children = (
				17A48A9B2601A16900AB34CA /* Preview Assets.xcassets */,
			);
			path = "Preview Content";
			sourceTree = "<group>";
		};
		17A48AA52601A16900AB34CA /* BoardTests */ = {
			isa = PBXGroup;
			children = (
				17A48AA62601A16900AB34CA /* BoardTests.swift */,
				17A48AA82601A16900AB34CA /* Info.plist */,
			);
			path = BoardTests;
			sourceTree = "<group>";
		};
		17A48AB02601A16900AB34CA /* BoardUITests */ = {
			isa = PBXGroup;
			children = (
				17A48AB12601A16900AB34CA /* BoardUITests.swift */,
				17A48AB32601A16900AB34CA /* Info.plist */,
			);
			path = BoardUITests;
			sourceTree = "<group>";
		};
		17A48AC32601A24200AB34CA /* Model */ = {
			isa = PBXGroup;
			children = (
				17A48ACE2601A3B400AB34CA /* BlogEntry.swift */,
				17A48AC62601A39100AB34CA /* Post.swift */,
				17A48AF82601C4A300AB34CA /* User.swift */,
			);
			path = Model;
			sourceTree = "<group>";
		};
/* End PBXGroup section */

/* Begin PBXNativeTarget section */
		17A48A902601A16600AB34CA /* Board */ = {
			isa = PBXNativeTarget;
			buildConfigurationList = 17A48AB62601A16900AB34CA /* Build configuration list for PBXNativeTarget "Board" */;
			buildPhases = (
				17A48A8D2601A16600AB34CA /* Sources */,
				17A48A8E2601A16600AB34CA /* Frameworks */,
				17A48A8F2601A16600AB34CA /* Resources */,
			);
			buildRules = (
			);
			dependencies = (
			);
			name = Board;
			productName = Board;
			productReference = 17A48A912601A16600AB34CA /* Board.app */;
			productType = "com.apple.product-type.application";
		};
		17A48AA12601A16900AB34CA /* BoardTests */ = {
			isa = PBXNativeTarget;
			buildConfigurationList = 17A48AB92601A16900AB34CA /* Build configuration list for PBXNativeTarget "BoardTests" */;
			buildPhases = (
				17A48A9E2601A16900AB34CA /* Sources */,
				17A48A9F2601A16900AB34CA /* Frameworks */,
				17A48AA02601A16900AB34CA /* Resources */,
			);
			buildRules = (
			);
			dependencies = (
				17A48AA42601A16900AB34CA /* PBXTargetDependency */,
			);
			name = BoardTests;
			productName = BoardTests;
			productReference = 17A48AA22601A16900AB34CA /* BoardTests.xctest */;
			productType = "com.apple.product-type.bundle.unit-test";
		};
		17A48AAC2601A16900AB34CA /* BoardUITests */ = {
			isa = PBXNativeTarget;
			buildConfigurationList = 17A48ABC2601A16900AB34CA /* Build configuration list for PBXNativeTarget "BoardUITests" */;
			buildPhases = (
				17A48AA92601A16900AB34CA /* Sources */,
				17A48AAA2601A16900AB34CA /* Frameworks */,
				17A48AAB2601A16900AB34CA /* Resources */,
			);
			buildRules = (
			);
			dependencies = (
				17A48AAF2601A16900AB34CA /* PBXTargetDependency */,
			);
			name = BoardUITests;
			productName = BoardUITests;
			productReference = 17A48AAD2601A16900AB34CA /* BoardUITests.xctest */;
			productType = "com.apple.product-type.bundle.ui-testing";
		};
/* End PBXNativeTarget section */

/* Begin PBXProject section */
		17A48A892601A16600AB34CA /* Project object */ = {
			isa = PBXProject;
			attributes = {
				LastSwiftUpdateCheck = 1240;
				LastUpgradeCheck = 1240;
				TargetAttributes = {
					17A48A902601A16600AB34CA = {
						CreatedOnToolsVersion = 12.4;
					};
					17A48AA12601A16900AB34CA = {
						CreatedOnToolsVersion = 12.4;
						TestTargetID = 17A48A902601A16600AB34CA;
					};
					17A48AAC2601A16900AB34CA = {
						CreatedOnToolsVersion = 12.4;
						TestTargetID = 17A48A902601A16600AB34CA;
					};
				};
			};
			buildConfigurationList = 17A48A8C2601A16600AB34CA /* Build configuration list for PBXProject "Board" */;
			compatibilityVersion = "Xcode 9.3";
			developmentRegion = en;
			hasScannedForEncodings = 0;
			knownRegions = (
				en,
				Base,
			);
			mainGroup = 17A48A882601A16600AB34CA;
			productRefGroup = 17A48A922601A16600AB34CA /* Products */;
			projectDirPath = "";
			projectRoot = "";
			targets = (
				17A48A902601A16600AB34CA /* Board */,
				17A48AA12601A16900AB34CA /* BoardTests */,
				17A48AAC2601A16900AB34CA /* BoardUITests */,
			);
		};
/* End PBXProject section */

/* Begin PBXResourcesBuildPhase section */
		17A48A8F2601A16600AB34CA /* Resources */ = {
			isa = PBXResourcesBuildPhase;
			buildActionMask = 2147483647;
			files = (
				17A48A9C2601A16900AB34CA /* Preview Assets.xcassets in Resources */,
				17A48A992601A16900AB34CA /* Assets.xcassets in Resources */,
			);
			runOnlyForDeploymentPostprocessing = 0;
		};
		17A48AA02601A16900AB34CA /* Resources */ = {
			isa = PBXResourcesBuildPhase;
			buildActionMask = 2147483647;
			files = (
			);
			runOnlyForDeploymentPostprocessing = 0;
		};
		17A48AAB2601A16900AB34CA /* Resources */ = {
			isa = PBXResourcesBuildPhase;
			buildActionMask = 2147483647;
			files = (
			);
			runOnlyForDeploymentPostprocessing = 0;
		};
/* End PBXResourcesBuildPhase section */

/* Begin PBXSourcesBuildPhase section */
		17A48A8D2601A16600AB34CA /* Sources */ = {
			isa = PBXSourcesBuildPhase;
			buildActionMask = 2147483647;
			files = (
				17A48ACF2601A3B500AB34CA /* BlogEntry.swift in Sources */,
				17A48AC72601A39100AB34CA /* Post.swift in Sources */,
				17A48A972601A16600AB34CA /* ContentView.swift in Sources */,
				17A48A952601A16600AB34CA /* BoardApp.swift in Sources */,
				17A48AF92601C4A300AB34CA /* User.swift in Sources */,
			);
			runOnlyForDeploymentPostprocessing = 0;
		};
		17A48A9E2601A16900AB34CA /* Sources */ = {
			isa = PBXSourcesBuildPhase;
			buildActionMask = 2147483647;
			files = (
				17A48AA72601A16900AB34CA /* BoardTests.swift in Sources */,
			);
			runOnlyForDeploymentPostprocessing = 0;
		};
		17A48AA92601A16900AB34CA /* Sources */ = {
			isa = PBXSourcesBuildPhase;
			buildActionMask = 2147483647;
			files = (
				17A48AB22601A16900AB34CA /* BoardUITests.swift in Sources */,
			);
			runOnlyForDeploymentPostprocessing = 0;
		};
/* End PBXSourcesBuildPhase section */

/* Begin PBXTargetDependency section */
		17A48AA42601A16900AB34CA /* PBXTargetDependency */ = {
			isa = PBXTargetDependency;
			target = 17A48A902601A16600AB34CA /* Board */;
			targetProxy = 17A48AA32601A16900AB34CA /* PBXContainerItemProxy */;
		};
		17A48AAF2601A16900AB34CA /* PBXTargetDependency */ = {
			isa = PBXTargetDependency;
			target = 17A48A902601A16600AB34CA /* Board */;
			targetProxy = 17A48AAE2601A16900AB34CA /* PBXContainerItemProxy */;
		};
/* End PBXTargetDependency section */

/* Begin XCBuildConfiguration section */
		17A48AB42601A16900AB34CA /* Debug */ = {
			isa = XCBuildConfiguration;
			buildSettings = {
				ALWAYS_SEARCH_USER_PATHS = NO;
				CLANG_ANALYZER_NONNULL = YES;
				CLANG_ANALYZER_NUMBER_OBJECT_CONVERSION = YES_AGGRESSIVE;
				CLANG_CXX_LANGUAGE_STANDARD = "gnu++14";
				CLANG_CXX_LIBRARY = "libc++";
				CLANG_ENABLE_MODULES = YES;
				CLANG_ENABLE_OBJC_ARC = YES;
				CLANG_ENABLE_OBJC_WEAK = YES;
				CLANG_WARN_BLOCK_CAPTURE_AUTORELEASING = YES;
				CLANG_WARN_BOOL_CONVERSION = YES;
				CLANG_WARN_COMMA = YES;
				CLANG_WARN_CONSTANT_CONVERSION = YES;
				CLANG_WARN_DEPRECATED_OBJC_IMPLEMENTATIONS = YES;
				CLANG_WARN_DIRECT_OBJC_ISA_USAGE = YES_ERROR;
				CLANG_WARN_DOCUMENTATION_COMMENTS = YES;
				CLANG_WARN_EMPTY_BODY = YES;
				CLANG_WARN_ENUM_CONVERSION = YES;
				CLANG_WARN_INFINITE_RECURSION = YES;
				CLANG_WARN_INT_CONVERSION = YES;
				CLANG_WARN_NON_LITERAL_NULL_CONVERSION = YES;
				CLANG_WARN_OBJC_IMPLICIT_RETAIN_SELF = YES;
				CLANG_WARN_OBJC_LITERAL_CONVERSION = YES;
				CLANG_WARN_OBJC_ROOT_CLASS = YES_ERROR;
				CLANG_WARN_QUOTED_INCLUDE_IN_FRAMEWORK_HEADER = YES;
				CLANG_WARN_RANGE_LOOP_ANALYSIS = YES;
				CLANG_WARN_STRICT_PROTOTYPES = YES;
				CLANG_WARN_SUSPICIOUS_MOVE = YES;
				CLANG_WARN_UNGUARDED_AVAILABILITY = YES_AGGRESSIVE;
				CLANG_WARN_UNREACHABLE_CODE = YES;
				CLANG_WARN__DUPLICATE_METHOD_MATCH = YES;
				COPY_PHASE_STRIP = NO;
				DEBUG_INFORMATION_FORMAT = dwarf;
				ENABLE_STRICT_OBJC_MSGSEND = YES;
				ENABLE_TESTABILITY = YES;
				GCC_C_LANGUAGE_STANDARD = gnu11;
				GCC_DYNAMIC_NO_PIC = NO;
				GCC_NO_COMMON_BLOCKS = YES;
				GCC_OPTIMIZATION_LEVEL = 0;
				GCC_PREPROCESSOR_DEFINITIONS = (
					"DEBUG=1",
					"$(inherited)",
				);
				GCC_WARN_64_TO_32_BIT_CONVERSION = YES;
				GCC_WARN_ABOUT_RETURN_TYPE = YES_ERROR;
				GCC_WARN_UNDECLARED_SELECTOR = YES;
				GCC_WARN_UNINITIALIZED_AUTOS = YES_AGGRESSIVE;
				GCC_WARN_UNUSED_FUNCTION = YES;
				GCC_WARN_UNUSED_VARIABLE = YES;
				IPHONEOS_DEPLOYMENT_TARGET = 14.4;
				MTL_ENABLE_DEBUG_INFO = INCLUDE_SOURCE;
				MTL_FAST_MATH = YES;
				ONLY_ACTIVE_ARCH = YES;
				SDKROOT = iphoneos;
				SWIFT_ACTIVE_COMPILATION_CONDITIONS = DEBUG;
				SWIFT_OPTIMIZATION_LEVEL = "-Onone";
			};
			name = Debug;
		};
		17A48AB52601A16900AB34CA /* Release */ = {
			isa = XCBuildConfiguration;
			buildSettings = {
				ALWAYS_SEARCH_USER_PATHS = NO;
				CLANG_ANALYZER_NONNULL = YES;
				CLANG_ANALYZER_NUMBER_OBJECT_CONVERSION = YES_AGGRESSIVE;
				CLANG_CXX_LANGUAGE_STANDARD = "gnu++14";
				CLANG_CXX_LIBRARY = "libc++";
				CLANG_ENABLE_MODULES = YES;
				CLANG_ENABLE_OBJC_ARC = YES;
				CLANG_ENABLE_OBJC_WEAK = YES;
				CLANG_WARN_BLOCK_CAPTURE_AUTORELEASING = YES;
				CLANG_WARN_BOOL_CONVERSION = YES;
				CLANG_WARN_COMMA = YES;
				CLANG_WARN_CONSTANT_CONVERSION = YES;
				CLANG_WARN_DEPRECATED_OBJC_IMPLEMENTATIONS = YES;
				CLANG_WARN_DIRECT_OBJC_ISA_USAGE = YES_ERROR;
				CLANG_WARN_DOCUMENTATION_COMMENTS = YES;
				CLANG_WARN_EMPTY_BODY = YES;
				CLANG_WARN_ENUM_CONVERSION = YES;
				CLANG_WARN_INFINITE_RECURSION = YES;
				CLANG_WARN_INT_CONVERSION = YES;
				CLANG_WARN_NON_LITERAL_NULL_CONVERSION = YES;
				CLANG_WARN_OBJC_IMPLICIT_RETAIN_SELF = YES;
				CLANG_WARN_OBJC_LITERAL_CONVERSION = YES;
				CLANG_WARN_OBJC_ROOT_CLASS = YES_ERROR;
				CLANG_WARN_QUOTED_INCLUDE_IN_FRAMEWORK_HEADER = YES;
				CLANG_WARN_RANGE_LOOP_ANALYSIS = YES;
				CLANG_WARN_STRICT_PROTOTYPES = YES;
				CLANG_WARN_SUSPICIOUS_MOVE = YES;
				CLANG_WARN_UNGUARDED_AVAILABILITY = YES_AGGRESSIVE;
				CLANG_WARN_UNREACHABLE_CODE = YES;
				CLANG_WARN__DUPLICATE_METHOD_MATCH = YES;
				COPY_PHASE_STRIP = NO;
				DEBUG_INFORMATION_FORMAT = "dwarf-with-dsym";
				ENABLE_NS_ASSERTIONS = NO;
				ENABLE_STRICT_OBJC_MSGSEND = YES;
				GCC_C_LANGUAGE_STANDARD = gnu11;
				GCC_NO_COMMON_BLOCKS = YES;
				GCC_WARN_64_TO_32_BIT_CONVERSION = YES;
				GCC_WARN_ABOUT_RETURN_TYPE = YES_ERROR;
				GCC_WARN_UNDECLARED_SELECTOR = YES;
				GCC_WARN_UNINITIALIZED_AUTOS = YES_AGGRESSIVE;
				GCC_WARN_UNUSED_FUNCTION = YES;
				GCC_WARN_UNUSED_VARIABLE = YES;
				IPHONEOS_DEPLOYMENT_TARGET = 14.4;
				MTL_ENABLE_DEBUG_INFO = NO;
				MTL_FAST_MATH = YES;
				SDKROOT = iphoneos;
				SWIFT_COMPILATION_MODE = wholemodule;
				SWIFT_OPTIMIZATION_LEVEL = "-O";
				VALIDATE_PRODUCT = YES;
			};
			name = Release;
		};
		17A48AB72601A16900AB34CA /* Debug */ = {
			isa = XCBuildConfiguration;
			buildSettings = {
				ASSETCATALOG_COMPILER_APPICON_NAME = AppIcon;
				ASSETCATALOG_COMPILER_GLOBAL_ACCENT_COLOR_NAME = AccentColor;
				CODE_SIGN_STYLE = Automatic;
				DEVELOPMENT_ASSET_PATHS = "\"Board/Preview Content\"";
				ENABLE_PREVIEWS = YES;
				INFOPLIST_FILE = Board/Info.plist;
				IPHONEOS_DEPLOYMENT_TARGET = 14.0;
				LD_RUNPATH_SEARCH_PATHS = (
					"$(inherited)",
					"@executable_path/Frameworks",
				);
				PRODUCT_BUNDLE_IDENTIFIER = abrahamduran.com.Board;
				PRODUCT_NAME = "$(TARGET_NAME)";
				SWIFT_VERSION = 5.0;
				TARGETED_DEVICE_FAMILY = "1,2";
			};
			name = Debug;
		};
		17A48AB82601A16900AB34CA /* Release */ = {
			isa = XCBuildConfiguration;
			buildSettings = {
				ASSETCATALOG_COMPILER_APPICON_NAME = AppIcon;
				ASSETCATALOG_COMPILER_GLOBAL_ACCENT_COLOR_NAME = AccentColor;
				CODE_SIGN_STYLE = Automatic;
				DEVELOPMENT_ASSET_PATHS = "\"Board/Preview Content\"";
				ENABLE_PREVIEWS = YES;
				INFOPLIST_FILE = Board/Info.plist;
				IPHONEOS_DEPLOYMENT_TARGET = 14.0;
				LD_RUNPATH_SEARCH_PATHS = (
					"$(inherited)",
					"@executable_path/Frameworks",
				);
				PRODUCT_BUNDLE_IDENTIFIER = abrahamduran.com.Board;
				PRODUCT_NAME = "$(TARGET_NAME)";
				SWIFT_VERSION = 5.0;
				TARGETED_DEVICE_FAMILY = "1,2";
			};
			name = Release;
		};
		17A48ABA2601A16900AB34CA /* Debug */ = {
			isa = XCBuildConfiguration;
			buildSettings = {
				ALWAYS_EMBED_SWIFT_STANDARD_LIBRARIES = YES;
				BUNDLE_LOADER = "$(TEST_HOST)";
				CODE_SIGN_STYLE = Automatic;
				INFOPLIST_FILE = BoardTests/Info.plist;
				IPHONEOS_DEPLOYMENT_TARGET = 14.0;
				LD_RUNPATH_SEARCH_PATHS = (
					"$(inherited)",
					"@executable_path/Frameworks",
					"@loader_path/Frameworks",
				);
				PRODUCT_BUNDLE_IDENTIFIER = abrahamduran.com.BoardTests;
				PRODUCT_NAME = "$(TARGET_NAME)";
				SWIFT_VERSION = 5.0;
				TARGETED_DEVICE_FAMILY = "1,2";
				TEST_HOST = "$(BUILT_PRODUCTS_DIR)/Board.app/Board";
			};
			name = Debug;
		};
		17A48ABB2601A16900AB34CA /* Release */ = {
			isa = XCBuildConfiguration;
			buildSettings = {
				ALWAYS_EMBED_SWIFT_STANDARD_LIBRARIES = YES;
				BUNDLE_LOADER = "$(TEST_HOST)";
				CODE_SIGN_STYLE = Automatic;
				INFOPLIST_FILE = BoardTests/Info.plist;
				IPHONEOS_DEPLOYMENT_TARGET = 14.0;
				LD_RUNPATH_SEARCH_PATHS = (
					"$(inherited)",
					"@executable_path/Frameworks",
					"@loader_path/Frameworks",
				);
				PRODUCT_BUNDLE_IDENTIFIER = abrahamduran.com.BoardTests;
				PRODUCT_NAME = "$(TARGET_NAME)";
				SWIFT_VERSION = 5.0;
				TARGETED_DEVICE_FAMILY = "1,2";
				TEST_HOST = "$(BUILT_PRODUCTS_DIR)/Board.app/Board";
			};
			name = Release;
		};
		17A48ABD2601A16900AB34CA /* Debug */ = {
			isa = XCBuildConfiguration;
			buildSettings = {
				ALWAYS_EMBED_SWIFT_STANDARD_LIBRARIES = YES;
				CODE_SIGN_STYLE = Automatic;
				INFOPLIST_FILE = BoardUITests/Info.plist;
				LD_RUNPATH_SEARCH_PATHS = (
					"$(inherited)",
					"@executable_path/Frameworks",
					"@loader_path/Frameworks",
				);
				PRODUCT_BUNDLE_IDENTIFIER = abrahamduran.com.BoardUITests;
				PRODUCT_NAME = "$(TARGET_NAME)";
				SWIFT_VERSION = 5.0;
				TARGETED_DEVICE_FAMILY = "1,2";
				TEST_TARGET_NAME = Board;
			};
			name = Debug;
		};
		17A48ABE2601A16900AB34CA /* Release */ = {
			isa = XCBuildConfiguration;
			buildSettings = {
				ALWAYS_EMBED_SWIFT_STANDARD_LIBRARIES = YES;
				CODE_SIGN_STYLE = Automatic;
				INFOPLIST_FILE = BoardUITests/Info.plist;
				LD_RUNPATH_SEARCH_PATHS = (
					"$(inherited)",
					"@executable_path/Frameworks",
					"@loader_path/Frameworks",
				);
				PRODUCT_BUNDLE_IDENTIFIER = abrahamduran.com.BoardUITests;
				PRODUCT_NAME = "$(TARGET_NAME)";
				SWIFT_VERSION = 5.0;
				TARGETED_DEVICE_FAMILY = "1,2";
				TEST_TARGET_NAME = Board;
			};
			name = Release;
		};
/* End XCBuildConfiguration section */

/* Begin XCConfigurationList section */
		17A48A8C2601A16600AB34CA /* Build configuration list for PBXProject "Board" */ = {
			isa = XCConfigurationList;
			buildConfigurations = (
				17A48AB42601A16900AB34CA /* Debug */,
				17A48AB52601A16900AB34CA /* Release */,
			);
			defaultConfigurationIsVisible = 0;
			defaultConfigurationName = Release;
		};
		17A48AB62601A16900AB34CA /* Build configuration list for PBXNativeTarget "Board" */ = {
			isa = XCConfigurationList;
			buildConfigurations = (
				17A48AB72601A16900AB34CA /* Debug */,
				17A48AB82601A16900AB34CA /* Release */,
			);
			defaultConfigurationIsVisible = 0;
			defaultConfigurationName = Release;
		};
		17A48AB92601A16900AB34CA /* Build configuration list for PBXNativeTarget "BoardTests" */ = {
			isa = XCConfigurationList;
			buildConfigurations = (
				17A48ABA2601A16900AB34CA /* Debug */,
				17A48ABB2601A16900AB34CA /* Release */,
			);
			defaultConfigurationIsVisible = 0;
			defaultConfigurationName = Release;
		};
		17A48ABC2601A16900AB34CA /* Build configuration list for PBXNativeTarget "BoardUITests" */ = {
			isa = XCConfigurationList;
			buildConfigurations = (
				17A48ABD2601A16900AB34CA /* Debug */,
				17A48ABE2601A16900AB34CA /* Release */,
			);
			defaultConfigurationIsVisible = 0;
			defaultConfigurationName = Release;
		};
/* End XCConfigurationList section */
	};
	rootObject = 17A48A892601A16600AB34CA /* Project object */;
}
