// !$*UTF8*$!
{
	archiveVersion = 1;
	classes = {
	};
	objectVersion = 50;
	objects = {

/* Begin PBXBuildFile section */
		170E1D26260463F5000F2D19 /* BlogEntriesRepository+Combine.swift in Sources */ = {isa = PBXBuildFile; fileRef = 170E1D25260463F5000F2D19 /* BlogEntriesRepository+Combine.swift */; };
		170E1D2B26047B88000F2D19 /* ImageCarouselView.swift in Sources */ = {isa = PBXBuildFile; fileRef = 170E1D2A26047B88000F2D19 /* ImageCarouselView.swift */; };
		170E1D3A26047DD6000F2D19 /* SDWebImageSwiftUI in Frameworks */ = {isa = PBXBuildFile; productRef = 170E1D3926047DD6000F2D19 /* SDWebImageSwiftUI */; };
		170E1D3F26048847000F2D19 /* MultipleImagesViews.swift in Sources */ = {isa = PBXBuildFile; fileRef = 170E1D3E26048847000F2D19 /* MultipleImagesViews.swift */; };
		170E1D4426048C59000F2D19 /* UserBadgeView.swift in Sources */ = {isa = PBXBuildFile; fileRef = 170E1D4326048C59000F2D19 /* UserBadgeView.swift */; };
		170E1D5E260491BD000F2D19 /* PostRow.swift in Sources */ = {isa = PBXBuildFile; fileRef = 170E1D5D260491BD000F2D19 /* PostRow.swift */; };
		170E1D6326049301000F2D19 /* Date+Extension.swift in Sources */ = {isa = PBXBuildFile; fileRef = 170E1D6226049301000F2D19 /* Date+Extension.swift */; };
		175E081C260496650029146F /* PostList.swift in Sources */ = {isa = PBXBuildFile; fileRef = 175E081B260496650029146F /* PostList.swift */; };
		175E082C260499320029146F /* BlogEntriesRepositoryPreview.swift in Sources */ = {isa = PBXBuildFile; fileRef = 175E082B260499320029146F /* BlogEntriesRepositoryPreview.swift */; };
		175E0832260499FF0029146F /* PostPreview.swift in Sources */ = {isa = PBXBuildFile; fileRef = 175E0831260499FF0029146F /* PostPreview.swift */; };
		175E083A26049B160029146F /* BlogEntryPreview.swift in Sources */ = {isa = PBXBuildFile; fileRef = 175E083926049B160029146F /* BlogEntryPreview.swift */; };
		175E084226049D8D0029146F /* HomeViewModelPreview.swift in Sources */ = {isa = PBXBuildFile; fileRef = 175E084126049D8D0029146F /* HomeViewModelPreview.swift */; };
		17A48A952601A16600AB34CA /* BoardApp.swift in Sources */ = {isa = PBXBuildFile; fileRef = 17A48A942601A16600AB34CA /* BoardApp.swift */; };
		17A48A972601A16600AB34CA /* ContentView.swift in Sources */ = {isa = PBXBuildFile; fileRef = 17A48A962601A16600AB34CA /* ContentView.swift */; };
		17A48A992601A16900AB34CA /* Assets.xcassets in Resources */ = {isa = PBXBuildFile; fileRef = 17A48A982601A16900AB34CA /* Assets.xcassets */; };
		17A48A9C2601A16900AB34CA /* Preview Assets.xcassets in Resources */ = {isa = PBXBuildFile; fileRef = 17A48A9B2601A16900AB34CA /* Preview Assets.xcassets */; };
		17A48AA72601A16900AB34CA /* BoardTests.swift in Sources */ = {isa = PBXBuildFile; fileRef = 17A48AA62601A16900AB34CA /* BoardTests.swift */; };
		17A48AB22601A16900AB34CA /* BoardUITests.swift in Sources */ = {isa = PBXBuildFile; fileRef = 17A48AB12601A16900AB34CA /* BoardUITests.swift */; };
		17A48AC72601A39100AB34CA /* Post.swift in Sources */ = {isa = PBXBuildFile; fileRef = 17A48AC62601A39100AB34CA /* Post.swift */; };
		17A48ACF2601A3B500AB34CA /* BlogEntry.swift in Sources */ = {isa = PBXBuildFile; fileRef = 17A48ACE2601A3B400AB34CA /* BlogEntry.swift */; };
		17A48AE12601A72C00AB34CA /* BlogEntriesRepository.swift in Sources */ = {isa = PBXBuildFile; fileRef = 17A48AE02601A72C00AB34CA /* BlogEntriesRepository.swift */; };
		17A48AF02601B15100AB34CA /* RemoteBlogEntryBuilder.swift in Sources */ = {isa = PBXBuildFile; fileRef = 17A48AEF2601B15100AB34CA /* RemoteBlogEntryBuilder.swift */; };
		17A48AF92601C4A300AB34CA /* User.swift in Sources */ = {isa = PBXBuildFile; fileRef = 17A48AF82601C4A300AB34CA /* User.swift */; };
		17BF59D12601DAD100578BB0 /* DispatchQueue+Extension.swift in Sources */ = {isa = PBXBuildFile; fileRef = 17BF59D02601DAD100578BB0 /* DispatchQueue+Extension.swift */; };
		17BF59E42601E31600578BB0 /* RemoteDataLogger.swift in Sources */ = {isa = PBXBuildFile; fileRef = 17BF59E32601E31600578BB0 /* RemoteDataLogger.swift */; };
		17BF59FF2601EAB700578BB0 /* LocalDataSource.swift in Sources */ = {isa = PBXBuildFile; fileRef = 17BF59FE2601EAB700578BB0 /* LocalDataSource.swift */; };
		17BF5A082601EC2D00578BB0 /* CouchbaseLiteSwift in Frameworks */ = {isa = PBXBuildFile; productRef = 17BF5A072601EC2D00578BB0 /* CouchbaseLiteSwift */; };
		17BF5A242601FB2400578BB0 /* LocalBlogEntryBuilder.swift in Sources */ = {isa = PBXBuildFile; fileRef = 17BF5A232601FB2400578BB0 /* LocalBlogEntryBuilder.swift */; };
		17BF5A302602C64A00578BB0 /* HomeViewModel.swift in Sources */ = {isa = PBXBuildFile; fileRef = 17BF5A2F2602C64A00578BB0 /* HomeViewModel.swift */; };
		17D5960E2601CEF800278F43 /* Alamofire in Frameworks */ = {isa = PBXBuildFile; productRef = 17D5960D2601CEF800278F43 /* Alamofire */; };
		17D596142601CF6F00278F43 /* AlamofireNetworkActivityIndicator in Frameworks */ = {isa = PBXBuildFile; productRef = 17D596132601CF6F00278F43 /* AlamofireNetworkActivityIndicator */; };
		17D596192601D1DB00278F43 /* RemoteDataSource.swift in Sources */ = {isa = PBXBuildFile; fileRef = 17D596182601D1DB00278F43 /* RemoteDataSource.swift */; };
		17D596242601D59C00278F43 /* BlogEntriesRouter.swift in Sources */ = {isa = PBXBuildFile; fileRef = 17D596232601D59C00278F43 /* BlogEntriesRouter.swift */; };
/* End PBXBuildFile section */

/* Begin PBXContainerItemProxy section */
		17A48AA32601A16900AB34CA /* PBXContainerItemProxy */ = {
			isa = PBXContainerItemProxy;
			containerPortal = 17A48A892601A16600AB34CA /* Project object */;
			proxyType = 1;
			remoteGlobalIDString = 17A48A902601A16600AB34CA;
			remoteInfo = Board;
		};
		17A48AAE2601A16900AB34CA /* PBXContainerItemProxy */ = {
			isa = PBXContainerItemProxy;
			containerPortal = 17A48A892601A16600AB34CA /* Project object */;
			proxyType = 1;
			remoteGlobalIDString = 17A48A902601A16600AB34CA;
			remoteInfo = Board;
		};
/* End PBXContainerItemProxy section */

/* Begin PBXFileReference section */
		170E1D25260463F5000F2D19 /* BlogEntriesRepository+Combine.swift */ = {isa = PBXFileReference; lastKnownFileType = sourcecode.swift; path = "BlogEntriesRepository+Combine.swift"; sourceTree = "<group>"; };
		170E1D2A26047B88000F2D19 /* ImageCarouselView.swift */ = {isa = PBXFileReference; lastKnownFileType = sourcecode.swift; path = ImageCarouselView.swift; sourceTree = "<group>"; };
		170E1D3E26048847000F2D19 /* MultipleImagesViews.swift */ = {isa = PBXFileReference; lastKnownFileType = sourcecode.swift; path = MultipleImagesViews.swift; sourceTree = "<group>"; };
		170E1D4326048C59000F2D19 /* UserBadgeView.swift */ = {isa = PBXFileReference; lastKnownFileType = sourcecode.swift; path = UserBadgeView.swift; sourceTree = "<group>"; };
		170E1D5D260491BD000F2D19 /* PostRow.swift */ = {isa = PBXFileReference; lastKnownFileType = sourcecode.swift; path = PostRow.swift; sourceTree = "<group>"; };
		170E1D6226049301000F2D19 /* Date+Extension.swift */ = {isa = PBXFileReference; lastKnownFileType = sourcecode.swift; path = "Date+Extension.swift"; sourceTree = "<group>"; };
		175E081B260496650029146F /* PostList.swift */ = {isa = PBXFileReference; lastKnownFileType = sourcecode.swift; path = PostList.swift; sourceTree = "<group>"; };
		175E082B260499320029146F /* BlogEntriesRepositoryPreview.swift */ = {isa = PBXFileReference; lastKnownFileType = sourcecode.swift; path = BlogEntriesRepositoryPreview.swift; sourceTree = "<group>"; };
		175E0831260499FF0029146F /* PostPreview.swift */ = {isa = PBXFileReference; lastKnownFileType = sourcecode.swift; path = PostPreview.swift; sourceTree = "<group>"; };
		175E083926049B160029146F /* BlogEntryPreview.swift */ = {isa = PBXFileReference; lastKnownFileType = sourcecode.swift; path = BlogEntryPreview.swift; sourceTree = "<group>"; };
		175E084126049D8D0029146F /* HomeViewModelPreview.swift */ = {isa = PBXFileReference; lastKnownFileType = sourcecode.swift; path = HomeViewModelPreview.swift; sourceTree = "<group>"; };
		17A48A912601A16600AB34CA /* Board.app */ = {isa = PBXFileReference; explicitFileType = wrapper.application; includeInIndex = 0; path = Board.app; sourceTree = BUILT_PRODUCTS_DIR; };
		17A48A942601A16600AB34CA /* BoardApp.swift */ = {isa = PBXFileReference; lastKnownFileType = sourcecode.swift; path = BoardApp.swift; sourceTree = "<group>"; };
		17A48A962601A16600AB34CA /* ContentView.swift */ = {isa = PBXFileReference; lastKnownFileType = sourcecode.swift; path = ContentView.swift; sourceTree = "<group>"; };
		17A48A982601A16900AB34CA /* Assets.xcassets */ = {isa = PBXFileReference; lastKnownFileType = folder.assetcatalog; path = Assets.xcassets; sourceTree = "<group>"; };
		17A48A9B2601A16900AB34CA /* Preview Assets.xcassets */ = {isa = PBXFileReference; lastKnownFileType = folder.assetcatalog; path = "Preview Assets.xcassets"; sourceTree = "<group>"; };
		17A48A9D2601A16900AB34CA /* Info.plist */ = {isa = PBXFileReference; lastKnownFileType = text.plist.xml; path = Info.plist; sourceTree = "<group>"; };
		17A48AA22601A16900AB34CA /* BoardTests.xctest */ = {isa = PBXFileReference; explicitFileType = wrapper.cfbundle; includeInIndex = 0; path = BoardTests.xctest; sourceTree = BUILT_PRODUCTS_DIR; };
		17A48AA62601A16900AB34CA /* BoardTests.swift */ = {isa = PBXFileReference; lastKnownFileType = sourcecode.swift; path = BoardTests.swift; sourceTree = "<group>"; };
		17A48AA82601A16900AB34CA /* Info.plist */ = {isa = PBXFileReference; lastKnownFileType = text.plist.xml; path = Info.plist; sourceTree = "<group>"; };
		17A48AAD2601A16900AB34CA /* BoardUITests.xctest */ = {isa = PBXFileReference; explicitFileType = wrapper.cfbundle; includeInIndex = 0; path = BoardUITests.xctest; sourceTree = BUILT_PRODUCTS_DIR; };
		17A48AB12601A16900AB34CA /* BoardUITests.swift */ = {isa = PBXFileReference; lastKnownFileType = sourcecode.swift; path = BoardUITests.swift; sourceTree = "<group>"; };
		17A48AB32601A16900AB34CA /* Info.plist */ = {isa = PBXFileReference; lastKnownFileType = text.plist.xml; path = Info.plist; sourceTree = "<group>"; };
		17A48AC62601A39100AB34CA /* Post.swift */ = {isa = PBXFileReference; lastKnownFileType = sourcecode.swift; path = Post.swift; sourceTree = "<group>"; };
		17A48ACE2601A3B400AB34CA /* BlogEntry.swift */ = {isa = PBXFileReference; lastKnownFileType = sourcecode.swift; path = BlogEntry.swift; sourceTree = "<group>"; };
		17A48AE02601A72C00AB34CA /* BlogEntriesRepository.swift */ = {isa = PBXFileReference; lastKnownFileType = sourcecode.swift; path = BlogEntriesRepository.swift; sourceTree = "<group>"; };
		17A48AEF2601B15100AB34CA /* RemoteBlogEntryBuilder.swift */ = {isa = PBXFileReference; lastKnownFileType = sourcecode.swift; path = RemoteBlogEntryBuilder.swift; sourceTree = "<group>"; };
		17A48AF82601C4A300AB34CA /* User.swift */ = {isa = PBXFileReference; lastKnownFileType = sourcecode.swift; path = User.swift; sourceTree = "<group>"; };
		17BF59D02601DAD100578BB0 /* DispatchQueue+Extension.swift */ = {isa = PBXFileReference; lastKnownFileType = sourcecode.swift; path = "DispatchQueue+Extension.swift"; sourceTree = "<group>"; };
		17BF59E32601E31600578BB0 /* RemoteDataLogger.swift */ = {isa = PBXFileReference; lastKnownFileType = sourcecode.swift; path = RemoteDataLogger.swift; sourceTree = "<group>"; };
		17BF59FE2601EAB700578BB0 /* LocalDataSource.swift */ = {isa = PBXFileReference; lastKnownFileType = sourcecode.swift; path = LocalDataSource.swift; sourceTree = "<group>"; };
		17BF5A232601FB2400578BB0 /* LocalBlogEntryBuilder.swift */ = {isa = PBXFileReference; lastKnownFileType = sourcecode.swift; path = LocalBlogEntryBuilder.swift; sourceTree = "<group>"; };
		17BF5A2F2602C64A00578BB0 /* HomeViewModel.swift */ = {isa = PBXFileReference; lastKnownFileType = sourcecode.swift; path = HomeViewModel.swift; sourceTree = "<group>"; };
		17D596182601D1DB00278F43 /* RemoteDataSource.swift */ = {isa = PBXFileReference; lastKnownFileType = sourcecode.swift; path = RemoteDataSource.swift; sourceTree = "<group>"; };
		17D596232601D59C00278F43 /* BlogEntriesRouter.swift */ = {isa = PBXFileReference; lastKnownFileType = sourcecode.swift; path = BlogEntriesRouter.swift; sourceTree = "<group>"; };
/* End PBXFileReference section */

/* Begin PBXFrameworksBuildPhase section */
		17A48A8E2601A16600AB34CA /* Frameworks */ = {
			isa = PBXFrameworksBuildPhase;
			buildActionMask = 2147483647;
			files = (
				170E1D3A26047DD6000F2D19 /* SDWebImageSwiftUI in Frameworks */,
				17BF5A082601EC2D00578BB0 /* CouchbaseLiteSwift in Frameworks */,
				17D5960E2601CEF800278F43 /* Alamofire in Frameworks */,
				17D596142601CF6F00278F43 /* AlamofireNetworkActivityIndicator in Frameworks */,
			);
			runOnlyForDeploymentPostprocessing = 0;
		};
		17A48A9F2601A16900AB34CA /* Frameworks */ = {
			isa = PBXFrameworksBuildPhase;
			buildActionMask = 2147483647;
			files = (
			);
			runOnlyForDeploymentPostprocessing = 0;
		};
		17A48AAA2601A16900AB34CA /* Frameworks */ = {
			isa = PBXFrameworksBuildPhase;
			buildActionMask = 2147483647;
			files = (
			);
			runOnlyForDeploymentPostprocessing = 0;
		};
/* End PBXFrameworksBuildPhase section */

/* Begin PBXGroup section */
		170E1D4E26048F81000F2D19 /* Posts */ = {
			isa = PBXGroup;
			children = (
				170E1D5D260491BD000F2D19 /* PostRow.swift */,
				175E081B260496650029146F /* PostList.swift */,
			);
			path = Posts;
			sourceTree = "<group>";
		};
		175E0829260499070029146F /* Repositories */ = {
			isa = PBXGroup;
			children = (
				175E082B260499320029146F /* BlogEntriesRepositoryPreview.swift */,
			);
			path = Repositories;
			sourceTree = "<group>";
		};
		175E082A260499110029146F /* View Models */ = {
			isa = PBXGroup;
			children = (
				175E084126049D8D0029146F /* HomeViewModelPreview.swift */,
			);
			path = "View Models";
			sourceTree = "<group>";
		};
		175E0830260499D80029146F /* Models */ = {
			isa = PBXGroup;
			children = (
				175E083926049B160029146F /* BlogEntryPreview.swift */,
				175E0831260499FF0029146F /* PostPreview.swift */,
			);
			path = Models;
			sourceTree = "<group>";
		};
		17A48A882601A16600AB34CA = {
			isa = PBXGroup;
			children = (
				17A48A932601A16600AB34CA /* Board */,
				17A48AA52601A16900AB34CA /* BoardTests */,
				17A48AB02601A16900AB34CA /* BoardUITests */,
				17A48A922601A16600AB34CA /* Products */,
			);
			sourceTree = "<group>";
		};
		17A48A922601A16600AB34CA /* Products */ = {
			isa = PBXGroup;
			children = (
				17A48A912601A16600AB34CA /* Board.app */,
				17A48AA22601A16900AB34CA /* BoardTests.xctest */,
				17A48AAD2601A16900AB34CA /* BoardUITests.xctest */,
			);
			name = Products;
			sourceTree = "<group>";
		};
		17A48A932601A16600AB34CA /* Board */ = {
			isa = PBXGroup;
			children = (
				17A48AC32601A24200AB34CA /* Model */,
				17A48AC22601A23C00AB34CA /* Scenes */,
				17A48ADF2601A66400AB34CA /* Repositories */,
				17A48AC42601A28300AB34CA /* Views */,
				17A48A942601A16600AB34CA /* BoardApp.swift */,
				17A48A962601A16600AB34CA /* ContentView.swift */,
				17A48A982601A16900AB34CA /* Assets.xcassets */,
				17A48A9D2601A16900AB34CA /* Info.plist */,
				17A48A9A2601A16900AB34CA /* Preview Content */,
				17BF59CE2601DAA100578BB0 /* Supporting Files */,
			);
			path = Board;
			sourceTree = "<group>";
		};
		17A48A9A2601A16900AB34CA /* Preview Content */ = {
			isa = PBXGroup;
			children = (
				175E0830260499D80029146F /* Models */,
				175E0829260499070029146F /* Repositories */,
				175E082A260499110029146F /* View Models */,
				17A48A9B2601A16900AB34CA /* Preview Assets.xcassets */,
			);
			path = "Preview Content";
			sourceTree = "<group>";
		};
		17A48AA52601A16900AB34CA /* BoardTests */ = {
			isa = PBXGroup;
			children = (
				17A48AA62601A16900AB34CA /* BoardTests.swift */,
				17A48AA82601A16900AB34CA /* Info.plist */,
			);
			path = BoardTests;
			sourceTree = "<group>";
		};
		17A48AB02601A16900AB34CA /* BoardUITests */ = {
			isa = PBXGroup;
			children = (
				17A48AB12601A16900AB34CA /* BoardUITests.swift */,
				17A48AB32601A16900AB34CA /* Info.plist */,
			);
			path = BoardUITests;
			sourceTree = "<group>";
		};
		17A48AC22601A23C00AB34CA /* Scenes */ = {
			isa = PBXGroup;
			children = (
				17A48AD32601A5D900AB34CA /* Home */,
			);
			path = Scenes;
			sourceTree = "<group>";
		};
		17A48AC32601A24200AB34CA /* Model */ = {
			isa = PBXGroup;
			children = (
				17A48ACE2601A3B400AB34CA /* BlogEntry.swift */,
				17A48AC62601A39100AB34CA /* Post.swift */,
				17A48AF82601C4A300AB34CA /* User.swift */,
			);
			path = Model;
			sourceTree = "<group>";
		};
		17A48AC42601A28300AB34CA /* Views */ = {
			isa = PBXGroup;
			children = (
				170E1D4E26048F81000F2D19 /* Posts */,
				170E1D2A26047B88000F2D19 /* ImageCarouselView.swift */,
				170E1D3E26048847000F2D19 /* MultipleImagesViews.swift */,
				170E1D4326048C59000F2D19 /* UserBadgeView.swift */,
			);
			path = Views;
			sourceTree = "<group>";
		};
		17A48AD32601A5D900AB34CA /* Home */ = {
			isa = PBXGroup;
			children = (
				17BF5A2F2602C64A00578BB0 /* HomeViewModel.swift */,
			);
			path = Home;
			sourceTree = "<group>";
		};
		17A48ADF2601A66400AB34CA /* Repositories */ = {
			isa = PBXGroup;
			children = (
				17BF59FD2601EA9B00578BB0 /* Local */,
				17A48AF72601C04D00AB34CA /* Remote */,
				17A48AEE2601B13700AB34CA /* Builders */,
				17A48AE02601A72C00AB34CA /* BlogEntriesRepository.swift */,
			);
			path = Repositories;
			sourceTree = "<group>";
		};
		17A48AEE2601B13700AB34CA /* Builders */ = {
			isa = PBXGroup;
			children = (
				17A48AEF2601B15100AB34CA /* RemoteBlogEntryBuilder.swift */,
				17BF5A232601FB2400578BB0 /* LocalBlogEntryBuilder.swift */,
			);
			path = Builders;
			sourceTree = "<group>";
		};
		17A48AF72601C04D00AB34CA /* Remote */ = {
			isa = PBXGroup;
			children = (
				17D596182601D1DB00278F43 /* RemoteDataSource.swift */,
				17D596232601D59C00278F43 /* BlogEntriesRouter.swift */,
				17BF59E32601E31600578BB0 /* RemoteDataLogger.swift */,
			);
			path = Remote;
			sourceTree = "<group>";
		};
		17BF59CE2601DAA100578BB0 /* Supporting Files */ = {
			isa = PBXGroup;
			children = (
				17BF59CF2601DAB300578BB0 /* Extensions */,
			);
			path = "Supporting Files";
			sourceTree = "<group>";
		};
		17BF59CF2601DAB300578BB0 /* Extensions */ = {
			isa = PBXGroup;
			children = (
				170E1D25260463F5000F2D19 /* BlogEntriesRepository+Combine.swift */,
				170E1D6226049301000F2D19 /* Date+Extension.swift */,
				17BF59D02601DAD100578BB0 /* DispatchQueue+Extension.swift */,
			);
			path = Extensions;
			sourceTree = "<group>";
		};
		17BF59FD2601EA9B00578BB0 /* Local */ = {
			isa = PBXGroup;
			children = (
				17BF59FE2601EAB700578BB0 /* LocalDataSource.swift */,
			);
			path = Local;
			sourceTree = "<group>";
		};
/* End PBXGroup section */

/* Begin PBXNativeTarget section */
		17A48A902601A16600AB34CA /* Board */ = {
			isa = PBXNativeTarget;
			buildConfigurationList = 17A48AB62601A16900AB34CA /* Build configuration list for PBXNativeTarget "Board" */;
			buildPhases = (
				17A48A8D2601A16600AB34CA /* Sources */,
				17A48A8E2601A16600AB34CA /* Frameworks */,
				17A48A8F2601A16600AB34CA /* Resources */,
			);
			buildRules = (
			);
			dependencies = (
			);
			name = Board;
			packageProductDependencies = (
				17D5960D2601CEF800278F43 /* Alamofire */,
				17D596132601CF6F00278F43 /* AlamofireNetworkActivityIndicator */,
				17BF5A072601EC2D00578BB0 /* CouchbaseLiteSwift */,
				170E1D3926047DD6000F2D19 /* SDWebImageSwiftUI */,
			);
			productName = Board;
			productReference = 17A48A912601A16600AB34CA /* Board.app */;
			productType = "com.apple.product-type.application";
		};
		17A48AA12601A16900AB34CA /* BoardTests */ = {
			isa = PBXNativeTarget;
			buildConfigurationList = 17A48AB92601A16900AB34CA /* Build configuration list for PBXNativeTarget "BoardTests" */;
			buildPhases = (
				17A48A9E2601A16900AB34CA /* Sources */,
				17A48A9F2601A16900AB34CA /* Frameworks */,
				17A48AA02601A16900AB34CA /* Resources */,
			);
			buildRules = (
			);
			dependencies = (
				17A48AA42601A16900AB34CA /* PBXTargetDependency */,
			);
			name = BoardTests;
			productName = BoardTests;
			productReference = 17A48AA22601A16900AB34CA /* BoardTests.xctest */;
			productType = "com.apple.product-type.bundle.unit-test";
		};
		17A48AAC2601A16900AB34CA /* BoardUITests */ = {
			isa = PBXNativeTarget;
			buildConfigurationList = 17A48ABC2601A16900AB34CA /* Build configuration list for PBXNativeTarget "BoardUITests" */;
			buildPhases = (
				17A48AA92601A16900AB34CA /* Sources */,
				17A48AAA2601A16900AB34CA /* Frameworks */,
				17A48AAB2601A16900AB34CA /* Resources */,
			);
			buildRules = (
			);
			dependencies = (
				17A48AAF2601A16900AB34CA /* PBXTargetDependency */,
			);
			name = BoardUITests;
			productName = BoardUITests;
			productReference = 17A48AAD2601A16900AB34CA /* BoardUITests.xctest */;
			productType = "com.apple.product-type.bundle.ui-testing";
		};
/* End PBXNativeTarget section */

/* Begin PBXProject section */
		17A48A892601A16600AB34CA /* Project object */ = {
			isa = PBXProject;
			attributes = {
				LastSwiftUpdateCheck = 1240;
				LastUpgradeCheck = 1240;
				TargetAttributes = {
					17A48A902601A16600AB34CA = {
						CreatedOnToolsVersion = 12.4;
					};
					17A48AA12601A16900AB34CA = {
						CreatedOnToolsVersion = 12.4;
						TestTargetID = 17A48A902601A16600AB34CA;
					};
					17A48AAC2601A16900AB34CA = {
						CreatedOnToolsVersion = 12.4;
						TestTargetID = 17A48A902601A16600AB34CA;
					};
				};
			};
			buildConfigurationList = 17A48A8C2601A16600AB34CA /* Build configuration list for PBXProject "Board" */;
			compatibilityVersion = "Xcode 9.3";
			developmentRegion = en;
			hasScannedForEncodings = 0;
			knownRegions = (
				en,
				Base,
			);
			mainGroup = 17A48A882601A16600AB34CA;
			packageReferences = (
				17D5960C2601CEF800278F43 /* XCRemoteSwiftPackageReference "Alamofire" */,
				17D596122601CF6F00278F43 /* XCRemoteSwiftPackageReference "AlamofireNetworkActivityIndicator" */,
				17BF5A062601EC2C00578BB0 /* XCRemoteSwiftPackageReference "couchbase-lite-ios" */,
				170E1D3826047DD6000F2D19 /* XCRemoteSwiftPackageReference "SDWebImageSwiftUI" */,
			);
			productRefGroup = 17A48A922601A16600AB34CA /* Products */;
			projectDirPath = "";
			projectRoot = "";
			targets = (
				17A48A902601A16600AB34CA /* Board */,
				17A48AA12601A16900AB34CA /* BoardTests */,
				17A48AAC2601A16900AB34CA /* BoardUITests */,
			);
		};
/* End PBXProject section */

/* Begin PBXResourcesBuildPhase section */
		17A48A8F2601A16600AB34CA /* Resources */ = {
			isa = PBXResourcesBuildPhase;
			buildActionMask = 2147483647;
			files = (
				17A48A9C2601A16900AB34CA /* Preview Assets.xcassets in Resources */,
				17A48A992601A16900AB34CA /* Assets.xcassets in Resources */,
			);
			runOnlyForDeploymentPostprocessing = 0;
		};
		17A48AA02601A16900AB34CA /* Resources */ = {
			isa = PBXResourcesBuildPhase;
			buildActionMask = 2147483647;
			files = (
			);
			runOnlyForDeploymentPostprocessing = 0;
		};
		17A48AAB2601A16900AB34CA /* Resources */ = {
			isa = PBXResourcesBuildPhase;
			buildActionMask = 2147483647;
			files = (
			);
			runOnlyForDeploymentPostprocessing = 0;
		};
/* End PBXResourcesBuildPhase section */

/* Begin PBXSourcesBuildPhase section */
		17A48A8D2601A16600AB34CA /* Sources */ = {
			isa = PBXSourcesBuildPhase;
			buildActionMask = 2147483647;
			files = (
				17D596192601D1DB00278F43 /* RemoteDataSource.swift in Sources */,
				170E1D4426048C59000F2D19 /* UserBadgeView.swift in Sources */,
				17BF59D12601DAD100578BB0 /* DispatchQueue+Extension.swift in Sources */,
				17A48AF02601B15100AB34CA /* RemoteBlogEntryBuilder.swift in Sources */,
				175E0832260499FF0029146F /* PostPreview.swift in Sources */,
				170E1D26260463F5000F2D19 /* BlogEntriesRepository+Combine.swift in Sources */,
				17BF59E42601E31600578BB0 /* RemoteDataLogger.swift in Sources */,
				17A48ACF2601A3B500AB34CA /* BlogEntry.swift in Sources */,
				17A48AC72601A39100AB34CA /* Post.swift in Sources */,
				17BF59FF2601EAB700578BB0 /* LocalDataSource.swift in Sources */,
				17D596242601D59C00278F43 /* BlogEntriesRouter.swift in Sources */,
				175E082C260499320029146F /* BlogEntriesRepositoryPreview.swift in Sources */,
				17A48AE12601A72C00AB34CA /* BlogEntriesRepository.swift in Sources */,
				175E084226049D8D0029146F /* HomeViewModelPreview.swift in Sources */,
				17BF5A302602C64A00578BB0 /* HomeViewModel.swift in Sources */,
				17A48A972601A16600AB34CA /* ContentView.swift in Sources */,
				175E081C260496650029146F /* PostList.swift in Sources */,
				170E1D3F26048847000F2D19 /* MultipleImagesViews.swift in Sources */,
				17A48A952601A16600AB34CA /* BoardApp.swift in Sources */,
				175E083A26049B160029146F /* BlogEntryPreview.swift in Sources */,
				170E1D5E260491BD000F2D19 /* PostRow.swift in Sources */,
				17BF5A242601FB2400578BB0 /* LocalBlogEntryBuilder.swift in Sources */,
				170E1D2B26047B88000F2D19 /* ImageCarouselView.swift in Sources */,
				170E1D6326049301000F2D19 /* Date+Extension.swift in Sources */,
				17A48AF92601C4A300AB34CA /* User.swift in Sources */,
			);
			runOnlyForDeploymentPostprocessing = 0;
		};
		17A48A9E2601A16900AB34CA /* Sources */ = {
			isa = PBXSourcesBuildPhase;
			buildActionMask = 2147483647;
			files = (
				17A48AA72601A16900AB34CA /* BoardTests.swift in Sources */,
			);
			runOnlyForDeploymentPostprocessing = 0;
		};
		17A48AA92601A16900AB34CA /* Sources */ = {
			isa = PBXSourcesBuildPhase;
			buildActionMask = 2147483647;
			files = (
				17A48AB22601A16900AB34CA /* BoardUITests.swift in Sources */,
			);
			runOnlyForDeploymentPostprocessing = 0;
		};
/* End PBXSourcesBuildPhase section */

/* Begin PBXTargetDependency section */
		17A48AA42601A16900AB34CA /* PBXTargetDependency */ = {
			isa = PBXTargetDependency;
			target = 17A48A902601A16600AB34CA /* Board */;
			targetProxy = 17A48AA32601A16900AB34CA /* PBXContainerItemProxy */;
		};
		17A48AAF2601A16900AB34CA /* PBXTargetDependency */ = {
			isa = PBXTargetDependency;
			target = 17A48A902601A16600AB34CA /* Board */;
			targetProxy = 17A48AAE2601A16900AB34CA /* PBXContainerItemProxy */;
		};
/* End PBXTargetDependency section */

/* Begin XCBuildConfiguration section */
		17A48AB42601A16900AB34CA /* Debug */ = {
			isa = XCBuildConfiguration;
			buildSettings = {
				ALWAYS_SEARCH_USER_PATHS = NO;
				CLANG_ANALYZER_NONNULL = YES;
				CLANG_ANALYZER_NUMBER_OBJECT_CONVERSION = YES_AGGRESSIVE;
				CLANG_CXX_LANGUAGE_STANDARD = "gnu++14";
				CLANG_CXX_LIBRARY = "libc++";
				CLANG_ENABLE_MODULES = YES;
				CLANG_ENABLE_OBJC_ARC = YES;
				CLANG_ENABLE_OBJC_WEAK = YES;
				CLANG_WARN_BLOCK_CAPTURE_AUTORELEASING = YES;
				CLANG_WARN_BOOL_CONVERSION = YES;
				CLANG_WARN_COMMA = YES;
				CLANG_WARN_CONSTANT_CONVERSION = YES;
				CLANG_WARN_DEPRECATED_OBJC_IMPLEMENTATIONS = YES;
				CLANG_WARN_DIRECT_OBJC_ISA_USAGE = YES_ERROR;
				CLANG_WARN_DOCUMENTATION_COMMENTS = YES;
				CLANG_WARN_EMPTY_BODY = YES;
				CLANG_WARN_ENUM_CONVERSION = YES;
				CLANG_WARN_INFINITE_RECURSION = YES;
				CLANG_WARN_INT_CONVERSION = YES;
				CLANG_WARN_NON_LITERAL_NULL_CONVERSION = YES;
				CLANG_WARN_OBJC_IMPLICIT_RETAIN_SELF = YES;
				CLANG_WARN_OBJC_LITERAL_CONVERSION = YES;
				CLANG_WARN_OBJC_ROOT_CLASS = YES_ERROR;
				CLANG_WARN_QUOTED_INCLUDE_IN_FRAMEWORK_HEADER = YES;
				CLANG_WARN_RANGE_LOOP_ANALYSIS = YES;
				CLANG_WARN_STRICT_PROTOTYPES = YES;
				CLANG_WARN_SUSPICIOUS_MOVE = YES;
				CLANG_WARN_UNGUARDED_AVAILABILITY = YES_AGGRESSIVE;
				CLANG_WARN_UNREACHABLE_CODE = YES;
				CLANG_WARN__DUPLICATE_METHOD_MATCH = YES;
				COPY_PHASE_STRIP = NO;
				DEBUG_INFORMATION_FORMAT = dwarf;
				ENABLE_STRICT_OBJC_MSGSEND = YES;
				ENABLE_TESTABILITY = YES;
				GCC_C_LANGUAGE_STANDARD = gnu11;
				GCC_DYNAMIC_NO_PIC = NO;
				GCC_NO_COMMON_BLOCKS = YES;
				GCC_OPTIMIZATION_LEVEL = 0;
				GCC_PREPROCESSOR_DEFINITIONS = (
					"DEBUG=1",
					"$(inherited)",
				);
				GCC_WARN_64_TO_32_BIT_CONVERSION = YES;
				GCC_WARN_ABOUT_RETURN_TYPE = YES_ERROR;
				GCC_WARN_UNDECLARED_SELECTOR = YES;
				GCC_WARN_UNINITIALIZED_AUTOS = YES_AGGRESSIVE;
				GCC_WARN_UNUSED_FUNCTION = YES;
				GCC_WARN_UNUSED_VARIABLE = YES;
				IPHONEOS_DEPLOYMENT_TARGET = 14.4;
				MTL_ENABLE_DEBUG_INFO = INCLUDE_SOURCE;
				MTL_FAST_MATH = YES;
				ONLY_ACTIVE_ARCH = YES;
				SDKROOT = iphoneos;
				SWIFT_ACTIVE_COMPILATION_CONDITIONS = DEBUG;
				SWIFT_OPTIMIZATION_LEVEL = "-Onone";
			};
			name = Debug;
		};
		17A48AB52601A16900AB34CA /* Release */ = {
			isa = XCBuildConfiguration;
			buildSettings = {
				ALWAYS_SEARCH_USER_PATHS = NO;
				CLANG_ANALYZER_NONNULL = YES;
				CLANG_ANALYZER_NUMBER_OBJECT_CONVERSION = YES_AGGRESSIVE;
				CLANG_CXX_LANGUAGE_STANDARD = "gnu++14";
				CLANG_CXX_LIBRARY = "libc++";
				CLANG_ENABLE_MODULES = YES;
				CLANG_ENABLE_OBJC_ARC = YES;
				CLANG_ENABLE_OBJC_WEAK = YES;
				CLANG_WARN_BLOCK_CAPTURE_AUTORELEASING = YES;
				CLANG_WARN_BOOL_CONVERSION = YES;
				CLANG_WARN_COMMA = YES;
				CLANG_WARN_CONSTANT_CONVERSION = YES;
				CLANG_WARN_DEPRECATED_OBJC_IMPLEMENTATIONS = YES;
				CLANG_WARN_DIRECT_OBJC_ISA_USAGE = YES_ERROR;
				CLANG_WARN_DOCUMENTATION_COMMENTS = YES;
				CLANG_WARN_EMPTY_BODY = YES;
				CLANG_WARN_ENUM_CONVERSION = YES;
				CLANG_WARN_INFINITE_RECURSION = YES;
				CLANG_WARN_INT_CONVERSION = YES;
				CLANG_WARN_NON_LITERAL_NULL_CONVERSION = YES;
				CLANG_WARN_OBJC_IMPLICIT_RETAIN_SELF = YES;
				CLANG_WARN_OBJC_LITERAL_CONVERSION = YES;
				CLANG_WARN_OBJC_ROOT_CLASS = YES_ERROR;
				CLANG_WARN_QUOTED_INCLUDE_IN_FRAMEWORK_HEADER = YES;
				CLANG_WARN_RANGE_LOOP_ANALYSIS = YES;
				CLANG_WARN_STRICT_PROTOTYPES = YES;
				CLANG_WARN_SUSPICIOUS_MOVE = YES;
				CLANG_WARN_UNGUARDED_AVAILABILITY = YES_AGGRESSIVE;
				CLANG_WARN_UNREACHABLE_CODE = YES;
				CLANG_WARN__DUPLICATE_METHOD_MATCH = YES;
				COPY_PHASE_STRIP = NO;
				DEBUG_INFORMATION_FORMAT = "dwarf-with-dsym";
				ENABLE_NS_ASSERTIONS = NO;
				ENABLE_STRICT_OBJC_MSGSEND = YES;
				GCC_C_LANGUAGE_STANDARD = gnu11;
				GCC_NO_COMMON_BLOCKS = YES;
				GCC_WARN_64_TO_32_BIT_CONVERSION = YES;
				GCC_WARN_ABOUT_RETURN_TYPE = YES_ERROR;
				GCC_WARN_UNDECLARED_SELECTOR = YES;
				GCC_WARN_UNINITIALIZED_AUTOS = YES_AGGRESSIVE;
				GCC_WARN_UNUSED_FUNCTION = YES;
				GCC_WARN_UNUSED_VARIABLE = YES;
				IPHONEOS_DEPLOYMENT_TARGET = 14.4;
				MTL_ENABLE_DEBUG_INFO = NO;
				MTL_FAST_MATH = YES;
				SDKROOT = iphoneos;
				SWIFT_COMPILATION_MODE = wholemodule;
				SWIFT_OPTIMIZATION_LEVEL = "-O";
				VALIDATE_PRODUCT = YES;
			};
			name = Release;
		};
		17A48AB72601A16900AB34CA /* Debug */ = {
			isa = XCBuildConfiguration;
			buildSettings = {
				ASSETCATALOG_COMPILER_APPICON_NAME = AppIcon;
				ASSETCATALOG_COMPILER_GLOBAL_ACCENT_COLOR_NAME = AccentColor;
				CODE_SIGN_STYLE = Automatic;
				DEVELOPMENT_ASSET_PATHS = "\"Board/Preview Content\"";
				ENABLE_PREVIEWS = YES;
				INFOPLIST_FILE = Board/Info.plist;
				IPHONEOS_DEPLOYMENT_TARGET = 14.0;
				LD_RUNPATH_SEARCH_PATHS = (
					"$(inherited)",
					"@executable_path/Frameworks",
				);
				PRODUCT_BUNDLE_IDENTIFIER = abrahamduran.com.Board;
				PRODUCT_NAME = "$(TARGET_NAME)";
				SWIFT_VERSION = 5.0;
				TARGETED_DEVICE_FAMILY = "1,2";
			};
			name = Debug;
		};
		17A48AB82601A16900AB34CA /* Release */ = {
			isa = XCBuildConfiguration;
			buildSettings = {
				ASSETCATALOG_COMPILER_APPICON_NAME = AppIcon;
				ASSETCATALOG_COMPILER_GLOBAL_ACCENT_COLOR_NAME = AccentColor;
				CODE_SIGN_STYLE = Automatic;
				DEVELOPMENT_ASSET_PATHS = "\"Board/Preview Content\"";
				ENABLE_PREVIEWS = YES;
				INFOPLIST_FILE = Board/Info.plist;
				IPHONEOS_DEPLOYMENT_TARGET = 14.0;
				LD_RUNPATH_SEARCH_PATHS = (
					"$(inherited)",
					"@executable_path/Frameworks",
				);
				PRODUCT_BUNDLE_IDENTIFIER = abrahamduran.com.Board;
				PRODUCT_NAME = "$(TARGET_NAME)";
				SWIFT_VERSION = 5.0;
				TARGETED_DEVICE_FAMILY = "1,2";
			};
			name = Release;
		};
		17A48ABA2601A16900AB34CA /* Debug */ = {
			isa = XCBuildConfiguration;
			buildSettings = {
				ALWAYS_EMBED_SWIFT_STANDARD_LIBRARIES = YES;
				BUNDLE_LOADER = "$(TEST_HOST)";
				CODE_SIGN_STYLE = Automatic;
				INFOPLIST_FILE = BoardTests/Info.plist;
				IPHONEOS_DEPLOYMENT_TARGET = 14.0;
				LD_RUNPATH_SEARCH_PATHS = (
					"$(inherited)",
					"@executable_path/Frameworks",
					"@loader_path/Frameworks",
				);
				PRODUCT_BUNDLE_IDENTIFIER = abrahamduran.com.BoardTests;
				PRODUCT_NAME = "$(TARGET_NAME)";
				SWIFT_VERSION = 5.0;
				TARGETED_DEVICE_FAMILY = "1,2";
				TEST_HOST = "$(BUILT_PRODUCTS_DIR)/Board.app/Board";
			};
			name = Debug;
		};
		17A48ABB2601A16900AB34CA /* Release */ = {
			isa = XCBuildConfiguration;
			buildSettings = {
				ALWAYS_EMBED_SWIFT_STANDARD_LIBRARIES = YES;
				BUNDLE_LOADER = "$(TEST_HOST)";
				CODE_SIGN_STYLE = Automatic;
				INFOPLIST_FILE = BoardTests/Info.plist;
				IPHONEOS_DEPLOYMENT_TARGET = 14.0;
				LD_RUNPATH_SEARCH_PATHS = (
					"$(inherited)",
					"@executable_path/Frameworks",
					"@loader_path/Frameworks",
				);
				PRODUCT_BUNDLE_IDENTIFIER = abrahamduran.com.BoardTests;
				PRODUCT_NAME = "$(TARGET_NAME)";
				SWIFT_VERSION = 5.0;
				TARGETED_DEVICE_FAMILY = "1,2";
				TEST_HOST = "$(BUILT_PRODUCTS_DIR)/Board.app/Board";
			};
			name = Release;
		};
		17A48ABD2601A16900AB34CA /* Debug */ = {
			isa = XCBuildConfiguration;
			buildSettings = {
				ALWAYS_EMBED_SWIFT_STANDARD_LIBRARIES = YES;
				CODE_SIGN_STYLE = Automatic;
				INFOPLIST_FILE = BoardUITests/Info.plist;
				LD_RUNPATH_SEARCH_PATHS = (
					"$(inherited)",
					"@executable_path/Frameworks",
					"@loader_path/Frameworks",
				);
				PRODUCT_BUNDLE_IDENTIFIER = abrahamduran.com.BoardUITests;
				PRODUCT_NAME = "$(TARGET_NAME)";
				SWIFT_VERSION = 5.0;
				TARGETED_DEVICE_FAMILY = "1,2";
				TEST_TARGET_NAME = Board;
			};
			name = Debug;
		};
		17A48ABE2601A16900AB34CA /* Release */ = {
			isa = XCBuildConfiguration;
			buildSettings = {
				ALWAYS_EMBED_SWIFT_STANDARD_LIBRARIES = YES;
				CODE_SIGN_STYLE = Automatic;
				INFOPLIST_FILE = BoardUITests/Info.plist;
				LD_RUNPATH_SEARCH_PATHS = (
					"$(inherited)",
					"@executable_path/Frameworks",
					"@loader_path/Frameworks",
				);
				PRODUCT_BUNDLE_IDENTIFIER = abrahamduran.com.BoardUITests;
				PRODUCT_NAME = "$(TARGET_NAME)";
				SWIFT_VERSION = 5.0;
				TARGETED_DEVICE_FAMILY = "1,2";
				TEST_TARGET_NAME = Board;
			};
			name = Release;
		};
/* End XCBuildConfiguration section */

/* Begin XCConfigurationList section */
		17A48A8C2601A16600AB34CA /* Build configuration list for PBXProject "Board" */ = {
			isa = XCConfigurationList;
			buildConfigurations = (
				17A48AB42601A16900AB34CA /* Debug */,
				17A48AB52601A16900AB34CA /* Release */,
			);
			defaultConfigurationIsVisible = 0;
			defaultConfigurationName = Release;
		};
		17A48AB62601A16900AB34CA /* Build configuration list for PBXNativeTarget "Board" */ = {
			isa = XCConfigurationList;
			buildConfigurations = (
				17A48AB72601A16900AB34CA /* Debug */,
				17A48AB82601A16900AB34CA /* Release */,
			);
			defaultConfigurationIsVisible = 0;
			defaultConfigurationName = Release;
		};
		17A48AB92601A16900AB34CA /* Build configuration list for PBXNativeTarget "BoardTests" */ = {
			isa = XCConfigurationList;
			buildConfigurations = (
				17A48ABA2601A16900AB34CA /* Debug */,
				17A48ABB2601A16900AB34CA /* Release */,
			);
			defaultConfigurationIsVisible = 0;
			defaultConfigurationName = Release;
		};
		17A48ABC2601A16900AB34CA /* Build configuration list for PBXNativeTarget "BoardUITests" */ = {
			isa = XCConfigurationList;
			buildConfigurations = (
				17A48ABD2601A16900AB34CA /* Debug */,
				17A48ABE2601A16900AB34CA /* Release */,
			);
			defaultConfigurationIsVisible = 0;
			defaultConfigurationName = Release;
		};
/* End XCConfigurationList section */

/* Begin XCRemoteSwiftPackageReference section */
		170E1D3826047DD6000F2D19 /* XCRemoteSwiftPackageReference "SDWebImageSwiftUI" */ = {
			isa = XCRemoteSwiftPackageReference;
			repositoryURL = "https://github.com/SDWebImage/SDWebImageSwiftUI.git";
			requirement = {
				kind = upToNextMajorVersion;
				minimumVersion = 2.0.2;
			};
		};
		17BF5A062601EC2C00578BB0 /* XCRemoteSwiftPackageReference "couchbase-lite-ios" */ = {
			isa = XCRemoteSwiftPackageReference;
			repositoryURL = "https://github.com/couchbase/couchbase-lite-ios.git";
			requirement = {
				kind = upToNextMajorVersion;
				minimumVersion = 2.8.4;
			};
		};
		17D5960C2601CEF800278F43 /* XCRemoteSwiftPackageReference "Alamofire" */ = {
			isa = XCRemoteSwiftPackageReference;
			repositoryURL = "https://github.com/Alamofire/Alamofire.git";
			requirement = {
				kind = upToNextMajorVersion;
				minimumVersion = 5.4.1;
			};
		};
		17D596122601CF6F00278F43 /* XCRemoteSwiftPackageReference "AlamofireNetworkActivityIndicator" */ = {
			isa = XCRemoteSwiftPackageReference;
			repositoryURL = "https://github.com/Alamofire/AlamofireNetworkActivityIndicator";
			requirement = {
				kind = upToNextMajorVersion;
				minimumVersion = 3.1.0;
			};
		};
/* End XCRemoteSwiftPackageReference section */

/* Begin XCSwiftPackageProductDependency section */
		170E1D3926047DD6000F2D19 /* SDWebImageSwiftUI */ = {
			isa = XCSwiftPackageProductDependency;
			package = 170E1D3826047DD6000F2D19 /* XCRemoteSwiftPackageReference "SDWebImageSwiftUI" */;
			productName = SDWebImageSwiftUI;
		};
		17BF5A072601EC2D00578BB0 /* CouchbaseLiteSwift */ = {
			isa = XCSwiftPackageProductDependency;
			package = 17BF5A062601EC2C00578BB0 /* XCRemoteSwiftPackageReference "couchbase-lite-ios" */;
			productName = CouchbaseLiteSwift;
		};
		17D5960D2601CEF800278F43 /* Alamofire */ = {
			isa = XCSwiftPackageProductDependency;
			package = 17D5960C2601CEF800278F43 /* XCRemoteSwiftPackageReference "Alamofire" */;
			productName = Alamofire;
		};
		17D596132601CF6F00278F43 /* AlamofireNetworkActivityIndicator */ = {
			isa = XCSwiftPackageProductDependency;
			package = 17D596122601CF6F00278F43 /* XCRemoteSwiftPackageReference "AlamofireNetworkActivityIndicator" */;
			productName = AlamofireNetworkActivityIndicator;
		};
/* End XCSwiftPackageProductDependency section */
	};
	rootObject = 17A48A892601A16600AB34CA /* Project object */;
}
